
Microsoft Visual Studio Solution File, Format Version 12.00
# Visual Studio Version 17
VisualStudioVersion = 17.14.36511.14 d17.14
MinimumVisualStudioVersion = 10.0.40219.1
Project("{FAE04EC0-301F-11D3-BF4B-00C04F79EFBC}") = "IntroductoryPractice", "IntroductoryPractice.csproj", "{DA2C1A4B-9108-419D-93A8-3D371471928E}"
EndProject
Global
	GlobalSection(SolutionConfigurationPlatforms) = preSolution
		Debug|Any CPU = Debug|Any CPU
		Release|Any CPU = Release|Any CPU
	EndGlobalSection
	GlobalSection(ProjectConfigurationPlatforms) = postSolution
		{DA2C1A4B-9108-419D-93A8-3D371471928E}.Debug|Any CPU.ActiveCfg = Debug|Any CPU
		{DA2C1A4B-9108-419D-93A8-3D371471928E}.Debug|Any CPU.Build.0 = Debug|Any CPU
		{DA2C1A4B-9108-419D-93A8-3D371471928E}.Release|Any CPU.ActiveCfg = Release|Any CPU
		{DA2C1A4B-9108-419D-93A8-3D371471928E}.Release|Any CPU.Build.0 = Release|Any CPU
	EndGlobalSection
	GlobalSection(SolutionProperties) = preSolution
		HideSolutionNode = FALSE
	EndGlobalSection
	GlobalSection(ExtensibilityGlobals) = postSolution
		SolutionGuid = {24761333-4B15-4DFD-A0F5-5AC04822CC54}
	EndGlobalSection
EndGlobal
